// !$*UTF8*$!
{
	archiveVersion = 1;
	classes = {
	};
	objectVersion = 51;
	objects = {

/* Begin PBXBuildFile section */
		40F49BCCEFE75E58EFCD3FFC /* Pods_Forum.framework in Frameworks */ = {isa = PBXBuildFile; fileRef = AF686E2A70B2E6B517FDB96C /* Pods_Forum.framework */; };
		55370A2D253DF213008FB742 /* Utilities.swift in Sources */ = {isa = PBXBuildFile; fileRef = 55370A2C253DF213008FB742 /* Utilities.swift */; };
		55557CDD25232912002F17AC /* MainCell.swift in Sources */ = {isa = PBXBuildFile; fileRef = 55557CDC25232912002F17AC /* MainCell.swift */; };
		55557CE225232966002F17AC /* MainCell.xib in Resources */ = {isa = PBXBuildFile; fileRef = 55557CE125232966002F17AC /* MainCell.xib */; };
		55557CF025237F12002F17AC /* Network.swift in Sources */ = {isa = PBXBuildFile; fileRef = 55557CEF25237F12002F17AC /* Network.swift */; };
		556CA2FA252A36C000246DA0 /* Globals.swift in Sources */ = {isa = PBXBuildFile; fileRef = 556CA2F9252A36C000246DA0 /* Globals.swift */; };
		556CA307252A46B500246DA0 /* MiscViewController.swift in Sources */ = {isa = PBXBuildFile; fileRef = 556CA306252A46B500246DA0 /* MiscViewController.swift */; };
		556CA30C252A4A5C00246DA0 /* LoginViewController.swift in Sources */ = {isa = PBXBuildFile; fileRef = 556CA30B252A4A5C00246DA0 /* LoginViewController.swift */; };
		559E64382557099800D33B0B /* BlockView.swift in Sources */ = {isa = PBXBuildFile; fileRef = 559E64372557099800D33B0B /* BlockView.swift */; };
		559E643D25570CA000D33B0B /* HeaderCell.swift in Sources */ = {isa = PBXBuildFile; fileRef = 559E643C25570CA000D33B0B /* HeaderCell.swift */; };
		55A59D44254D4CDD002E18F7 /* MiscTableViewCell.swift in Sources */ = {isa = PBXBuildFile; fileRef = 55A59D43254D4CDD002E18F7 /* MiscTableViewCell.swift */; };
		55AA465B2516739A00AAF708 /* AppDelegate.swift in Sources */ = {isa = PBXBuildFile; fileRef = 55AA465A2516739A00AAF708 /* AppDelegate.swift */; };
		55AA465D2516739A00AAF708 /* SceneDelegate.swift in Sources */ = {isa = PBXBuildFile; fileRef = 55AA465C2516739A00AAF708 /* SceneDelegate.swift */; };
		55AA46622516739A00AAF708 /* Main.storyboard in Resources */ = {isa = PBXBuildFile; fileRef = 55AA46602516739A00AAF708 /* Main.storyboard */; };
		55AA46652516739A00AAF708 /* Forum.xcdatamodeld in Sources */ = {isa = PBXBuildFile; fileRef = 55AA46632516739A00AAF708 /* Forum.xcdatamodeld */; };
		55AA46672516739B00AAF708 /* Assets.xcassets in Resources */ = {isa = PBXBuildFile; fileRef = 55AA46662516739B00AAF708 /* Assets.xcassets */; };
		55AA466A2516739B00AAF708 /* LaunchScreen.storyboard in Resources */ = {isa = PBXBuildFile; fileRef = 55AA46682516739B00AAF708 /* LaunchScreen.storyboard */; };
		55AA46752516739B00AAF708 /* ForumTests.swift in Sources */ = {isa = PBXBuildFile; fileRef = 55AA46742516739B00AAF708 /* ForumTests.swift */; };
		55AA46802516739B00AAF708 /* ForumUITests.swift in Sources */ = {isa = PBXBuildFile; fileRef = 55AA467F2516739B00AAF708 /* ForumUITests.swift */; };
		55AA469C2516750100AAF708 /* MainVC.swift in Sources */ = {isa = PBXBuildFile; fileRef = 55AA469B2516750100AAF708 /* MainVC.swift */; };
		55AA46A6251799B000AAF708 /* DataTypes.swift in Sources */ = {isa = PBXBuildFile; fileRef = 55AA46A5251799B000AAF708 /* DataTypes.swift */; };
		55D748F7253EC35E00F44EF8 /* NewThreadViewController.swift in Sources */ = {isa = PBXBuildFile; fileRef = 55D748F6253EC35E00F44EF8 /* NewThreadViewController.swift */; };
/* End PBXBuildFile section */

/* Begin PBXContainerItemProxy section */
		55AA46712516739B00AAF708 /* PBXContainerItemProxy */ = {
			isa = PBXContainerItemProxy;
			containerPortal = 55AA464F2516739A00AAF708 /* Project object */;
			proxyType = 1;
			remoteGlobalIDString = 55AA46562516739A00AAF708;
			remoteInfo = Forum;
		};
		55AA467C2516739B00AAF708 /* PBXContainerItemProxy */ = {
			isa = PBXContainerItemProxy;
			containerPortal = 55AA464F2516739A00AAF708 /* Project object */;
			proxyType = 1;
			remoteGlobalIDString = 55AA46562516739A00AAF708;
			remoteInfo = Forum;
		};
/* End PBXContainerItemProxy section */

/* Begin PBXFileReference section */
		12080BD4FF9E97F712D2A919 /* Pods-Forum.release.xcconfig */ = {isa = PBXFileReference; includeInIndex = 1; lastKnownFileType = text.xcconfig; name = "Pods-Forum.release.xcconfig"; path = "Target Support Files/Pods-Forum/Pods-Forum.release.xcconfig"; sourceTree = "<group>"; };
		2A82A2E3DBBB7A58122F6AB4 /* Pods-Forum.debug.xcconfig */ = {isa = PBXFileReference; includeInIndex = 1; lastKnownFileType = text.xcconfig; name = "Pods-Forum.debug.xcconfig"; path = "Target Support Files/Pods-Forum/Pods-Forum.debug.xcconfig"; sourceTree = "<group>"; };
		55370A2C253DF213008FB742 /* Utilities.swift */ = {isa = PBXFileReference; lastKnownFileType = sourcecode.swift; path = Utilities.swift; sourceTree = "<group>"; };
		55557CDC25232912002F17AC /* MainCell.swift */ = {isa = PBXFileReference; lastKnownFileType = sourcecode.swift; path = MainCell.swift; sourceTree = "<group>"; };
		55557CE125232966002F17AC /* MainCell.xib */ = {isa = PBXFileReference; fileEncoding = 4; lastKnownFileType = file.xib; path = MainCell.xib; sourceTree = "<group>"; };
		55557CEF25237F12002F17AC /* Network.swift */ = {isa = PBXFileReference; lastKnownFileType = sourcecode.swift; path = Network.swift; sourceTree = "<group>"; };
		556CA2F9252A36C000246DA0 /* Globals.swift */ = {isa = PBXFileReference; lastKnownFileType = sourcecode.swift; path = Globals.swift; sourceTree = "<group>"; };
		556CA306252A46B500246DA0 /* MiscViewController.swift */ = {isa = PBXFileReference; lastKnownFileType = sourcecode.swift; path = MiscViewController.swift; sourceTree = "<group>"; };
		556CA30B252A4A5C00246DA0 /* LoginViewController.swift */ = {isa = PBXFileReference; lastKnownFileType = sourcecode.swift; path = LoginViewController.swift; sourceTree = "<group>"; };
		559E64372557099800D33B0B /* BlockView.swift */ = {isa = PBXFileReference; lastKnownFileType = sourcecode.swift; path = BlockView.swift; sourceTree = "<group>"; };
		559E643C25570CA000D33B0B /* HeaderCell.swift */ = {isa = PBXFileReference; lastKnownFileType = sourcecode.swift; path = HeaderCell.swift; sourceTree = "<group>"; };
		55A59D43254D4CDD002E18F7 /* MiscTableViewCell.swift */ = {isa = PBXFileReference; lastKnownFileType = sourcecode.swift; path = MiscTableViewCell.swift; sourceTree = "<group>"; };
		55AA46572516739A00AAF708 /* Forum.app */ = {isa = PBXFileReference; explicitFileType = wrapper.application; includeInIndex = 0; path = Forum.app; sourceTree = BUILT_PRODUCTS_DIR; };
		55AA465A2516739A00AAF708 /* AppDelegate.swift */ = {isa = PBXFileReference; lastKnownFileType = sourcecode.swift; path = AppDelegate.swift; sourceTree = "<group>"; };
		55AA465C2516739A00AAF708 /* SceneDelegate.swift */ = {isa = PBXFileReference; lastKnownFileType = sourcecode.swift; path = SceneDelegate.swift; sourceTree = "<group>"; };
		55AA46612516739A00AAF708 /* Base */ = {isa = PBXFileReference; lastKnownFileType = file.storyboard; name = Base; path = Base.lproj/Main.storyboard; sourceTree = "<group>"; };
		55AA46642516739A00AAF708 /* Forum.xcdatamodel */ = {isa = PBXFileReference; lastKnownFileType = wrapper.xcdatamodel; path = Forum.xcdatamodel; sourceTree = "<group>"; };
		55AA46662516739B00AAF708 /* Assets.xcassets */ = {isa = PBXFileReference; lastKnownFileType = folder.assetcatalog; path = Assets.xcassets; sourceTree = "<group>"; };
		55AA46692516739B00AAF708 /* Base */ = {isa = PBXFileReference; lastKnownFileType = file.storyboard; name = Base; path = Base.lproj/LaunchScreen.storyboard; sourceTree = "<group>"; };
		55AA466B2516739B00AAF708 /* Info.plist */ = {isa = PBXFileReference; lastKnownFileType = text.plist.xml; path = Info.plist; sourceTree = "<group>"; };
		55AA46702516739B00AAF708 /* ForumTests.xctest */ = {isa = PBXFileReference; explicitFileType = wrapper.cfbundle; includeInIndex = 0; path = ForumTests.xctest; sourceTree = BUILT_PRODUCTS_DIR; };
		55AA46742516739B00AAF708 /* ForumTests.swift */ = {isa = PBXFileReference; lastKnownFileType = sourcecode.swift; path = ForumTests.swift; sourceTree = "<group>"; };
		55AA46762516739B00AAF708 /* Info.plist */ = {isa = PBXFileReference; lastKnownFileType = text.plist.xml; path = Info.plist; sourceTree = "<group>"; };
		55AA467B2516739B00AAF708 /* ForumUITests.xctest */ = {isa = PBXFileReference; explicitFileType = wrapper.cfbundle; includeInIndex = 0; path = ForumUITests.xctest; sourceTree = BUILT_PRODUCTS_DIR; };
		55AA467F2516739B00AAF708 /* ForumUITests.swift */ = {isa = PBXFileReference; lastKnownFileType = sourcecode.swift; path = ForumUITests.swift; sourceTree = "<group>"; };
		55AA46812516739B00AAF708 /* Info.plist */ = {isa = PBXFileReference; lastKnownFileType = text.plist.xml; path = Info.plist; sourceTree = "<group>"; };
		55AA469B2516750100AAF708 /* MainVC.swift */ = {isa = PBXFileReference; lastKnownFileType = sourcecode.swift; path = MainVC.swift; sourceTree = "<group>"; };
		55AA46A5251799B000AAF708 /* DataTypes.swift */ = {isa = PBXFileReference; lastKnownFileType = sourcecode.swift; path = DataTypes.swift; sourceTree = "<group>"; };
		55D748F6253EC35E00F44EF8 /* NewThreadViewController.swift */ = {isa = PBXFileReference; lastKnownFileType = sourcecode.swift; path = NewThreadViewController.swift; sourceTree = "<group>"; };
		AF686E2A70B2E6B517FDB96C /* Pods_Forum.framework */ = {isa = PBXFileReference; explicitFileType = wrapper.framework; includeInIndex = 0; path = Pods_Forum.framework; sourceTree = BUILT_PRODUCTS_DIR; };
/* End PBXFileReference section */

/* Begin PBXFrameworksBuildPhase section */
		55AA46542516739A00AAF708 /* Frameworks */ = {
			isa = PBXFrameworksBuildPhase;
			buildActionMask = 2147483647;
			files = (
				40F49BCCEFE75E58EFCD3FFC /* Pods_Forum.framework in Frameworks */,
			);
			runOnlyForDeploymentPostprocessing = 0;
		};
		55AA466D2516739B00AAF708 /* Frameworks */ = {
			isa = PBXFrameworksBuildPhase;
			buildActionMask = 2147483647;
			files = (
			);
			runOnlyForDeploymentPostprocessing = 0;
		};
		55AA46782516739B00AAF708 /* Frameworks */ = {
			isa = PBXFrameworksBuildPhase;
			buildActionMask = 2147483647;
			files = (
			);
			runOnlyForDeploymentPostprocessing = 0;
		};
/* End PBXFrameworksBuildPhase section */

/* Begin PBXGroup section */
		0E727F9D8D8C5DDD3BF64C3F /* Frameworks */ = {
			isa = PBXGroup;
			children = (
				AF686E2A70B2E6B517FDB96C /* Pods_Forum.framework */,
			);
			name = Frameworks;
			sourceTree = "<group>";
		};
		54D7D957F7552CDB1F28B87E /* Pods */ = {
			isa = PBXGroup;
			children = (
				2A82A2E3DBBB7A58122F6AB4 /* Pods-Forum.debug.xcconfig */,
				12080BD4FF9E97F712D2A919 /* Pods-Forum.release.xcconfig */,
			);
			path = Pods;
			sourceTree = "<group>";
		};
		55370A1F253DF111008FB742 /* TableViews */ = {
			isa = PBXGroup;
			children = (
				55AA469B2516750100AAF708 /* MainVC.swift */,
				55557CDC25232912002F17AC /* MainCell.swift */,
				55557CE125232966002F17AC /* MainCell.xib */,
			);
			path = TableViews;
			sourceTree = "<group>";
		};
		55370A20253DF132008FB742 /* OtherViews */ = {
			isa = PBXGroup;
			children = (
				556CA30B252A4A5C00246DA0 /* LoginViewController.swift */,
				556CA306252A46B500246DA0 /* MiscViewController.swift */,
				55A59D43254D4CDD002E18F7 /* MiscTableViewCell.swift */,
				55D748F6253EC35E00F44EF8 /* NewThreadViewController.swift */,
				559E64372557099800D33B0B /* BlockView.swift */,
				559E643C25570CA000D33B0B /* HeaderCell.swift */,
			);
			path = OtherViews;
			sourceTree = "<group>";
		};
		55370A21253DF14A008FB742 /* Misc */ = {
			isa = PBXGroup;
			children = (
				556CA2F9252A36C000246DA0 /* Globals.swift */,
				55370A2C253DF213008FB742 /* Utilities.swift */,
				55AA46A5251799B000AAF708 /* DataTypes.swift */,
				55557CEF25237F12002F17AC /* Network.swift */,
			);
			path = Misc;
			sourceTree = "<group>";
		};
		55AA464E2516739A00AAF708 = {
			isa = PBXGroup;
			children = (
				55AA46592516739A00AAF708 /* Forum */,
				55AA46732516739B00AAF708 /* ForumTests */,
				55AA467E2516739B00AAF708 /* ForumUITests */,
				55AA46582516739A00AAF708 /* Products */,
				54D7D957F7552CDB1F28B87E /* Pods */,
				0E727F9D8D8C5DDD3BF64C3F /* Frameworks */,
			);
			sourceTree = "<group>";
		};
		55AA46582516739A00AAF708 /* Products */ = {
			isa = PBXGroup;
			children = (
				55AA46572516739A00AAF708 /* Forum.app */,
				55AA46702516739B00AAF708 /* ForumTests.xctest */,
				55AA467B2516739B00AAF708 /* ForumUITests.xctest */,
			);
			name = Products;
			sourceTree = "<group>";
		};
		55AA46592516739A00AAF708 /* Forum */ = {
			isa = PBXGroup;
			children = (
				55AA465A2516739A00AAF708 /* AppDelegate.swift */,
				55AA465C2516739A00AAF708 /* SceneDelegate.swift */,
				55AA46602516739A00AAF708 /* Main.storyboard */,
				55370A1F253DF111008FB742 /* TableViews */,
				55370A20253DF132008FB742 /* OtherViews */,
				55370A21253DF14A008FB742 /* Misc */,
				55AA46662516739B00AAF708 /* Assets.xcassets */,
				55AA46682516739B00AAF708 /* LaunchScreen.storyboard */,
				55AA466B2516739B00AAF708 /* Info.plist */,
				55AA46632516739A00AAF708 /* Forum.xcdatamodeld */,
			);
			path = Forum;
			sourceTree = "<group>";
		};
		55AA46732516739B00AAF708 /* ForumTests */ = {
			isa = PBXGroup;
			children = (
				55AA46742516739B00AAF708 /* ForumTests.swift */,
				55AA46762516739B00AAF708 /* Info.plist */,
			);
			path = ForumTests;
			sourceTree = "<group>";
		};
		55AA467E2516739B00AAF708 /* ForumUITests */ = {
			isa = PBXGroup;
			children = (
				55AA467F2516739B00AAF708 /* ForumUITests.swift */,
				55AA46812516739B00AAF708 /* Info.plist */,
			);
			path = ForumUITests;
			sourceTree = "<group>";
		};
/* End PBXGroup section */

/* Begin PBXNativeTarget section */
		55AA46562516739A00AAF708 /* Forum */ = {
			isa = PBXNativeTarget;
			buildConfigurationList = 55AA46842516739B00AAF708 /* Build configuration list for PBXNativeTarget "Forum" */;
			buildPhases = (
				E2262E5D1CAF5FBA8EDCFDE2 /* [CP] Check Pods Manifest.lock */,
				55AA46532516739A00AAF708 /* Sources */,
				55AA46542516739A00AAF708 /* Frameworks */,
				55AA46552516739A00AAF708 /* Resources */,
				4BED101C2680AB2E76F47569 /* [CP] Embed Pods Frameworks */,
			);
			buildRules = (
			);
			dependencies = (
			);
			name = Forum;
			packageProductDependencies = (
			);
			productName = Forum;
			productReference = 55AA46572516739A00AAF708 /* Forum.app */;
			productType = "com.apple.product-type.application";
		};
		55AA466F2516739B00AAF708 /* ForumTests */ = {
			isa = PBXNativeTarget;
			buildConfigurationList = 55AA46872516739B00AAF708 /* Build configuration list for PBXNativeTarget "ForumTests" */;
			buildPhases = (
				55AA466C2516739B00AAF708 /* Sources */,
				55AA466D2516739B00AAF708 /* Frameworks */,
				55AA466E2516739B00AAF708 /* Resources */,
			);
			buildRules = (
			);
			dependencies = (
				55AA46722516739B00AAF708 /* PBXTargetDependency */,
			);
			name = ForumTests;
			productName = ForumTests;
			productReference = 55AA46702516739B00AAF708 /* ForumTests.xctest */;
			productType = "com.apple.product-type.bundle.unit-test";
		};
		55AA467A2516739B00AAF708 /* ForumUITests */ = {
			isa = PBXNativeTarget;
			buildConfigurationList = 55AA468A2516739B00AAF708 /* Build configuration list for PBXNativeTarget "ForumUITests" */;
			buildPhases = (
				55AA46772516739B00AAF708 /* Sources */,
				55AA46782516739B00AAF708 /* Frameworks */,
				55AA46792516739B00AAF708 /* Resources */,
			);
			buildRules = (
			);
			dependencies = (
				55AA467D2516739B00AAF708 /* PBXTargetDependency */,
			);
			name = ForumUITests;
			productName = ForumUITests;
			productReference = 55AA467B2516739B00AAF708 /* ForumUITests.xctest */;
			productType = "com.apple.product-type.bundle.ui-testing";
		};
/* End PBXNativeTarget section */

/* Begin PBXProject section */
		55AA464F2516739A00AAF708 /* Project object */ = {
			isa = PBXProject;
			attributes = {
				LastSwiftUpdateCheck = 1200;
				LastUpgradeCheck = 1200;
				TargetAttributes = {
					55AA46562516739A00AAF708 = {
						CreatedOnToolsVersion = 12.0;
					};
					55AA466F2516739B00AAF708 = {
						CreatedOnToolsVersion = 12.0;
						TestTargetID = 55AA46562516739A00AAF708;
					};
					55AA467A2516739B00AAF708 = {
						CreatedOnToolsVersion = 12.0;
						TestTargetID = 55AA46562516739A00AAF708;
					};
				};
			};
			buildConfigurationList = 55AA46522516739A00AAF708 /* Build configuration list for PBXProject "Forum" */;
			compatibilityVersion = "Xcode 9.3";
			developmentRegion = en;
			hasScannedForEncodings = 0;
			knownRegions = (
				en,
				Base,
			);
			mainGroup = 55AA464E2516739A00AAF708;
			packageReferences = (
			);
			productRefGroup = 55AA46582516739A00AAF708 /* Products */;
			projectDirPath = "";
			projectRoot = "";
			targets = (
				55AA46562516739A00AAF708 /* Forum */,
				55AA466F2516739B00AAF708 /* ForumTests */,
				55AA467A2516739B00AAF708 /* ForumUITests */,
			);
		};
/* End PBXProject section */

/* Begin PBXResourcesBuildPhase section */
		55AA46552516739A00AAF708 /* Resources */ = {
			isa = PBXResourcesBuildPhase;
			buildActionMask = 2147483647;
			files = (
				55AA466A2516739B00AAF708 /* LaunchScreen.storyboard in Resources */,
				55AA46672516739B00AAF708 /* Assets.xcassets in Resources */,
				55557CE225232966002F17AC /* MainCell.xib in Resources */,
				55AA46622516739A00AAF708 /* Main.storyboard in Resources */,
			);
			runOnlyForDeploymentPostprocessing = 0;
		};
		55AA466E2516739B00AAF708 /* Resources */ = {
			isa = PBXResourcesBuildPhase;
			buildActionMask = 2147483647;
			files = (
			);
			runOnlyForDeploymentPostprocessing = 0;
		};
		55AA46792516739B00AAF708 /* Resources */ = {
			isa = PBXResourcesBuildPhase;
			buildActionMask = 2147483647;
			files = (
			);
			runOnlyForDeploymentPostprocessing = 0;
		};
/* End PBXResourcesBuildPhase section */

/* Begin PBXShellScriptBuildPhase section */
		4BED101C2680AB2E76F47569 /* [CP] Embed Pods Frameworks */ = {
			isa = PBXShellScriptBuildPhase;
			buildActionMask = 2147483647;
			files = (
			);
			inputFileListPaths = (
				"${PODS_ROOT}/Target Support Files/Pods-Forum/Pods-Forum-frameworks-${CONFIGURATION}-input-files.xcfilelist",
			);
			name = "[CP] Embed Pods Frameworks";
			outputFileListPaths = (
				"${PODS_ROOT}/Target Support Files/Pods-Forum/Pods-Forum-frameworks-${CONFIGURATION}-output-files.xcfilelist",
			);
			runOnlyForDeploymentPostprocessing = 0;
			shellPath = /bin/sh;
			shellScript = "\"${PODS_ROOT}/Target Support Files/Pods-Forum/Pods-Forum-frameworks.sh\"\n";
			showEnvVarsInLog = 0;
		};
		E2262E5D1CAF5FBA8EDCFDE2 /* [CP] Check Pods Manifest.lock */ = {
			isa = PBXShellScriptBuildPhase;
			buildActionMask = 2147483647;
			files = (
			);
			inputFileListPaths = (
			);
			inputPaths = (
				"${PODS_PODFILE_DIR_PATH}/Podfile.lock",
				"${PODS_ROOT}/Manifest.lock",
			);
			name = "[CP] Check Pods Manifest.lock";
			outputFileListPaths = (
			);
			outputPaths = (
				"$(DERIVED_FILE_DIR)/Pods-Forum-checkManifestLockResult.txt",
			);
			runOnlyForDeploymentPostprocessing = 0;
			shellPath = /bin/sh;
			shellScript = "diff \"${PODS_PODFILE_DIR_PATH}/Podfile.lock\" \"${PODS_ROOT}/Manifest.lock\" > /dev/null\nif [ $? != 0 ] ; then\n    # print error to STDERR\n    echo \"error: The sandbox is not in sync with the Podfile.lock. Run 'pod install' or update your CocoaPods installation.\" >&2\n    exit 1\nfi\n# This output is used by Xcode 'outputs' to avoid re-running this script phase.\necho \"SUCCESS\" > \"${SCRIPT_OUTPUT_FILE_0}\"\n";
			showEnvVarsInLog = 0;
		};
/* End PBXShellScriptBuildPhase section */

/* Begin PBXSourcesBuildPhase section */
		55AA46532516739A00AAF708 /* Sources */ = {
			isa = PBXSourcesBuildPhase;
			buildActionMask = 2147483647;
			files = (
				55A59D44254D4CDD002E18F7 /* MiscTableViewCell.swift in Sources */,
				559E643D25570CA000D33B0B /* HeaderCell.swift in Sources */,
				55D748F7253EC35E00F44EF8 /* NewThreadViewController.swift in Sources */,
				55AA469C2516750100AAF708 /* MainVC.swift in Sources */,
				55557CF025237F12002F17AC /* Network.swift in Sources */,
				559E64382557099800D33B0B /* BlockView.swift in Sources */,
				55AA46A6251799B000AAF708 /* DataTypes.swift in Sources */,
				55AA465B2516739A00AAF708 /* AppDelegate.swift in Sources */,
				55AA465D2516739A00AAF708 /* SceneDelegate.swift in Sources */,
				55370A2D253DF213008FB742 /* Utilities.swift in Sources */,
				55AA46652516739A00AAF708 /* Forum.xcdatamodeld in Sources */,
				55557CDD25232912002F17AC /* MainCell.swift in Sources */,
				556CA307252A46B500246DA0 /* MiscViewController.swift in Sources */,
				556CA2FA252A36C000246DA0 /* Globals.swift in Sources */,
				556CA30C252A4A5C00246DA0 /* LoginViewController.swift in Sources */,
			);
			runOnlyForDeploymentPostprocessing = 0;
		};
		55AA466C2516739B00AAF708 /* Sources */ = {
			isa = PBXSourcesBuildPhase;
			buildActionMask = 2147483647;
			files = (
				55AA46752516739B00AAF708 /* ForumTests.swift in Sources */,
			);
			runOnlyForDeploymentPostprocessing = 0;
		};
		55AA46772516739B00AAF708 /* Sources */ = {
			isa = PBXSourcesBuildPhase;
			buildActionMask = 2147483647;
			files = (
				55AA46802516739B00AAF708 /* ForumUITests.swift in Sources */,
			);
			runOnlyForDeploymentPostprocessing = 0;
		};
/* End PBXSourcesBuildPhase section */

/* Begin PBXTargetDependency section */
		55AA46722516739B00AAF708 /* PBXTargetDependency */ = {
			isa = PBXTargetDependency;
			target = 55AA46562516739A00AAF708 /* Forum */;
			targetProxy = 55AA46712516739B00AAF708 /* PBXContainerItemProxy */;
		};
		55AA467D2516739B00AAF708 /* PBXTargetDependency */ = {
			isa = PBXTargetDependency;
			target = 55AA46562516739A00AAF708 /* Forum */;
			targetProxy = 55AA467C2516739B00AAF708 /* PBXContainerItemProxy */;
		};
/* End PBXTargetDependency section */

/* Begin PBXVariantGroup section */
		55AA46602516739A00AAF708 /* Main.storyboard */ = {
			isa = PBXVariantGroup;
			children = (
				55AA46612516739A00AAF708 /* Base */,
			);
			name = Main.storyboard;
			sourceTree = "<group>";
		};
		55AA46682516739B00AAF708 /* LaunchScreen.storyboard */ = {
			isa = PBXVariantGroup;
			children = (
				55AA46692516739B00AAF708 /* Base */,
			);
			name = LaunchScreen.storyboard;
			sourceTree = "<group>";
		};
/* End PBXVariantGroup section */

/* Begin XCBuildConfiguration section */
		55AA46822516739B00AAF708 /* Debug */ = {
			isa = XCBuildConfiguration;
			buildSettings = {
				ALWAYS_SEARCH_USER_PATHS = NO;
				CLANG_ANALYZER_NONNULL = YES;
				CLANG_ANALYZER_NUMBER_OBJECT_CONVERSION = YES_AGGRESSIVE;
				CLANG_CXX_LANGUAGE_STANDARD = "gnu++14";
				CLANG_CXX_LIBRARY = "libc++";
				CLANG_ENABLE_MODULES = YES;
				CLANG_ENABLE_OBJC_ARC = YES;
				CLANG_ENABLE_OBJC_WEAK = YES;
				CLANG_WARN_BLOCK_CAPTURE_AUTORELEASING = YES;
				CLANG_WARN_BOOL_CONVERSION = YES;
				CLANG_WARN_COMMA = YES;
				CLANG_WARN_CONSTANT_CONVERSION = YES;
				CLANG_WARN_DEPRECATED_OBJC_IMPLEMENTATIONS = YES;
				CLANG_WARN_DIRECT_OBJC_ISA_USAGE = YES_ERROR;
				CLANG_WARN_DOCUMENTATION_COMMENTS = YES;
				CLANG_WARN_EMPTY_BODY = YES;
				CLANG_WARN_ENUM_CONVERSION = YES;
				CLANG_WARN_INFINITE_RECURSION = YES;
				CLANG_WARN_INT_CONVERSION = YES;
				CLANG_WARN_NON_LITERAL_NULL_CONVERSION = YES;
				CLANG_WARN_OBJC_IMPLICIT_RETAIN_SELF = YES;
				CLANG_WARN_OBJC_LITERAL_CONVERSION = YES;
				CLANG_WARN_OBJC_ROOT_CLASS = YES_ERROR;
				CLANG_WARN_QUOTED_INCLUDE_IN_FRAMEWORK_HEADER = YES;
				CLANG_WARN_RANGE_LOOP_ANALYSIS = YES;
				CLANG_WARN_STRICT_PROTOTYPES = YES;
				CLANG_WARN_SUSPICIOUS_MOVE = YES;
				CLANG_WARN_UNGUARDED_AVAILABILITY = YES_AGGRESSIVE;
				CLANG_WARN_UNREACHABLE_CODE = YES;
				CLANG_WARN__DUPLICATE_METHOD_MATCH = YES;
				COPY_PHASE_STRIP = NO;
				DEBUG_INFORMATION_FORMAT = dwarf;
				ENABLE_STRICT_OBJC_MSGSEND = YES;
				ENABLE_TESTABILITY = YES;
				GCC_C_LANGUAGE_STANDARD = gnu11;
				GCC_DYNAMIC_NO_PIC = NO;
				GCC_NO_COMMON_BLOCKS = YES;
				GCC_OPTIMIZATION_LEVEL = 0;
				GCC_PREPROCESSOR_DEFINITIONS = (
					"DEBUG=1",
					"$(inherited)",
				);
				GCC_WARN_64_TO_32_BIT_CONVERSION = YES;
				GCC_WARN_ABOUT_RETURN_TYPE = YES_ERROR;
				GCC_WARN_UNDECLARED_SELECTOR = YES;
				GCC_WARN_UNINITIALIZED_AUTOS = YES_AGGRESSIVE;
				GCC_WARN_UNUSED_FUNCTION = YES;
				GCC_WARN_UNUSED_VARIABLE = YES;
				IPHONEOS_DEPLOYMENT_TARGET = 14.0;
				MTL_ENABLE_DEBUG_INFO = INCLUDE_SOURCE;
				MTL_FAST_MATH = YES;
				ONLY_ACTIVE_ARCH = YES;
				SDKROOT = iphoneos;
				SWIFT_ACTIVE_COMPILATION_CONDITIONS = DEBUG;
				SWIFT_OPTIMIZATION_LEVEL = "-Onone";
			};
			name = Debug;
		};
		55AA46832516739B00AAF708 /* Release */ = {
			isa = XCBuildConfiguration;
			buildSettings = {
				ALWAYS_SEARCH_USER_PATHS = NO;
				CLANG_ANALYZER_NONNULL = YES;
				CLANG_ANALYZER_NUMBER_OBJECT_CONVERSION = YES_AGGRESSIVE;
				CLANG_CXX_LANGUAGE_STANDARD = "gnu++14";
				CLANG_CXX_LIBRARY = "libc++";
				CLANG_ENABLE_MODULES = YES;
				CLANG_ENABLE_OBJC_ARC = YES;
				CLANG_ENABLE_OBJC_WEAK = YES;
				CLANG_WARN_BLOCK_CAPTURE_AUTORELEASING = YES;
				CLANG_WARN_BOOL_CONVERSION = YES;
				CLANG_WARN_COMMA = YES;
				CLANG_WARN_CONSTANT_CONVERSION = YES;
				CLANG_WARN_DEPRECATED_OBJC_IMPLEMENTATIONS = YES;
				CLANG_WARN_DIRECT_OBJC_ISA_USAGE = YES_ERROR;
				CLANG_WARN_DOCUMENTATION_COMMENTS = YES;
				CLANG_WARN_EMPTY_BODY = YES;
				CLANG_WARN_ENUM_CONVERSION = YES;
				CLANG_WARN_INFINITE_RECURSION = YES;
				CLANG_WARN_INT_CONVERSION = YES;
				CLANG_WARN_NON_LITERAL_NULL_CONVERSION = YES;
				CLANG_WARN_OBJC_IMPLICIT_RETAIN_SELF = YES;
				CLANG_WARN_OBJC_LITERAL_CONVERSION = YES;
				CLANG_WARN_OBJC_ROOT_CLASS = YES_ERROR;
				CLANG_WARN_QUOTED_INCLUDE_IN_FRAMEWORK_HEADER = YES;
				CLANG_WARN_RANGE_LOOP_ANALYSIS = YES;
				CLANG_WARN_STRICT_PROTOTYPES = YES;
				CLANG_WARN_SUSPICIOUS_MOVE = YES;
				CLANG_WARN_UNGUARDED_AVAILABILITY = YES_AGGRESSIVE;
				CLANG_WARN_UNREACHABLE_CODE = YES;
				CLANG_WARN__DUPLICATE_METHOD_MATCH = YES;
				COPY_PHASE_STRIP = NO;
				DEBUG_INFORMATION_FORMAT = "dwarf-with-dsym";
				ENABLE_NS_ASSERTIONS = NO;
				ENABLE_STRICT_OBJC_MSGSEND = YES;
				GCC_C_LANGUAGE_STANDARD = gnu11;
				GCC_NO_COMMON_BLOCKS = YES;
				GCC_WARN_64_TO_32_BIT_CONVERSION = YES;
				GCC_WARN_ABOUT_RETURN_TYPE = YES_ERROR;
				GCC_WARN_UNDECLARED_SELECTOR = YES;
				GCC_WARN_UNINITIALIZED_AUTOS = YES_AGGRESSIVE;
				GCC_WARN_UNUSED_FUNCTION = YES;
				GCC_WARN_UNUSED_VARIABLE = YES;
				IPHONEOS_DEPLOYMENT_TARGET = 14.0;
				MTL_ENABLE_DEBUG_INFO = NO;
				MTL_FAST_MATH = YES;
				SDKROOT = iphoneos;
				SWIFT_COMPILATION_MODE = wholemodule;
				SWIFT_OPTIMIZATION_LEVEL = "-O";
				VALIDATE_PRODUCT = YES;
			};
			name = Release;
		};
		55AA46852516739B00AAF708 /* Debug */ = {
			isa = XCBuildConfiguration;
			baseConfigurationReference = 2A82A2E3DBBB7A58122F6AB4 /* Pods-Forum.debug.xcconfig */;
			buildSettings = {
				ASSETCATALOG_COMPILER_APPICON_NAME = AppIcon;
				ASSETCATALOG_COMPILER_GLOBAL_ACCENT_COLOR_NAME = AccentColor;
				CODE_SIGN_STYLE = Automatic;
				DEVELOPMENT_TEAM = AEF5CS25ZL;
				INFOPLIST_FILE = Forum/Info.plist;
				LD_RUNPATH_SEARCH_PATHS = (
					"$(inherited)",
					"@executable_path/Frameworks",
				);
				PRODUCT_BUNDLE_IDENTIFIER = com.oscardhc.Forum;
				PRODUCT_NAME = "$(TARGET_NAME)";
				SWIFT_VERSION = 5.0;
				TARGETED_DEVICE_FAMILY = "1,2";
			};
			name = Debug;
		};
		55AA46862516739B00AAF708 /* Release */ = {
			isa = XCBuildConfiguration;
			baseConfigurationReference = 12080BD4FF9E97F712D2A919 /* Pods-Forum.release.xcconfig */;
			buildSettings = {
				ASSETCATALOG_COMPILER_APPICON_NAME = AppIcon;
				ASSETCATALOG_COMPILER_GLOBAL_ACCENT_COLOR_NAME = AccentColor;
				CODE_SIGN_STYLE = Automatic;
				DEVELOPMENT_TEAM = AEF5CS25ZL;
				INFOPLIST_FILE = Forum/Info.plist;
				LD_RUNPATH_SEARCH_PATHS = (
					"$(inherited)",
					"@executable_path/Frameworks",
				);
				PRODUCT_BUNDLE_IDENTIFIER = com.oscardhc.Forum;
				PRODUCT_NAME = "$(TARGET_NAME)";
				SWIFT_VERSION = 5.0;
				TARGETED_DEVICE_FAMILY = "1,2";
			};
			name = Release;
		};
		55AA46882516739B00AAF708 /* Debug */ = {
			isa = XCBuildConfiguration;
			buildSettings = {
				ALWAYS_EMBED_SWIFT_STANDARD_LIBRARIES = YES;
				BUNDLE_LOADER = "$(TEST_HOST)";
				CODE_SIGN_STYLE = Automatic;
				DEVELOPMENT_TEAM = AEF5CS25ZL;
				INFOPLIST_FILE = ForumTests/Info.plist;
				IPHONEOS_DEPLOYMENT_TARGET = 14.0;
				LD_RUNPATH_SEARCH_PATHS = (
					"$(inherited)",
					"@executable_path/Frameworks",
					"@loader_path/Frameworks",
				);
				PRODUCT_BUNDLE_IDENTIFIER = com.oscardhc.ForumTests;
				PRODUCT_NAME = "$(TARGET_NAME)";
				SWIFT_VERSION = 5.0;
				TARGETED_DEVICE_FAMILY = "1,2";
				TEST_HOST = "$(BUILT_PRODUCTS_DIR)/Forum.app/Forum";
			};
			name = Debug;
		};
		55AA46892516739B00AAF708 /* Release */ = {
			isa = XCBuildConfiguration;
			buildSettings = {
				ALWAYS_EMBED_SWIFT_STANDARD_LIBRARIES = YES;
				BUNDLE_LOADER = "$(TEST_HOST)";
				CODE_SIGN_STYLE = Automatic;
				DEVELOPMENT_TEAM = AEF5CS25ZL;
				INFOPLIST_FILE = ForumTests/Info.plist;
				IPHONEOS_DEPLOYMENT_TARGET = 14.0;
				LD_RUNPATH_SEARCH_PATHS = (
					"$(inherited)",
					"@executable_path/Frameworks",
					"@loader_path/Frameworks",
				);
				PRODUCT_BUNDLE_IDENTIFIER = com.oscardhc.ForumTests;
				PRODUCT_NAME = "$(TARGET_NAME)";
				SWIFT_VERSION = 5.0;
				TARGETED_DEVICE_FAMILY = "1,2";
				TEST_HOST = "$(BUILT_PRODUCTS_DIR)/Forum.app/Forum";
			};
			name = Release;
		};
		55AA468B2516739B00AAF708 /* Debug */ = {
			isa = XCBuildConfiguration;
			buildSettings = {
				ALWAYS_EMBED_SWIFT_STANDARD_LIBRARIES = YES;
				CODE_SIGN_STYLE = Automatic;
				DEVELOPMENT_TEAM = AEF5CS25ZL;
				INFOPLIST_FILE = ForumUITests/Info.plist;
				LD_RUNPATH_SEARCH_PATHS = (
					"$(inherited)",
					"@executable_path/Frameworks",
					"@loader_path/Frameworks",
				);
				PRODUCT_BUNDLE_IDENTIFIER = com.oscardhc.ForumUITests;
				PRODUCT_NAME = "$(TARGET_NAME)";
				SWIFT_VERSION = 5.0;
				TARGETED_DEVICE_FAMILY = "1,2";
				TEST_TARGET_NAME = Forum;
			};
			name = Debug;
		};
		55AA468C2516739B00AAF708 /* Release */ = {
			isa = XCBuildConfiguration;
			buildSettings = {
				ALWAYS_EMBED_SWIFT_STANDARD_LIBRARIES = YES;
				CODE_SIGN_STYLE = Automatic;
				DEVELOPMENT_TEAM = AEF5CS25ZL;
				INFOPLIST_FILE = ForumUITests/Info.plist;
				LD_RUNPATH_SEARCH_PATHS = (
					"$(inherited)",
					"@executable_path/Frameworks",
					"@loader_path/Frameworks",
				);
				PRODUCT_BUNDLE_IDENTIFIER = com.oscardhc.ForumUITests;
				PRODUCT_NAME = "$(TARGET_NAME)";
				SWIFT_VERSION = 5.0;
				TARGETED_DEVICE_FAMILY = "1,2";
				TEST_TARGET_NAME = Forum;
			};
			name = Release;
		};
/* End XCBuildConfiguration section */

/* Begin XCConfigurationList section */
		55AA46522516739A00AAF708 /* Build configuration list for PBXProject "Forum" */ = {
			isa = XCConfigurationList;
			buildConfigurations = (
				55AA46822516739B00AAF708 /* Debug */,
				55AA46832516739B00AAF708 /* Release */,
			);
			defaultConfigurationIsVisible = 0;
			defaultConfigurationName = Release;
		};
		55AA46842516739B00AAF708 /* Build configuration list for PBXNativeTarget "Forum" */ = {
			isa = XCConfigurationList;
			buildConfigurations = (
				55AA46852516739B00AAF708 /* Debug */,
				55AA46862516739B00AAF708 /* Release */,
			);
			defaultConfigurationIsVisible = 0;
			defaultConfigurationName = Release;
		};
		55AA46872516739B00AAF708 /* Build configuration list for PBXNativeTarget "ForumTests" */ = {
			isa = XCConfigurationList;
			buildConfigurations = (
				55AA46882516739B00AAF708 /* Debug */,
				55AA46892516739B00AAF708 /* Release */,
			);
			defaultConfigurationIsVisible = 0;
			defaultConfigurationName = Release;
		};
		55AA468A2516739B00AAF708 /* Build configuration list for PBXNativeTarget "ForumUITests" */ = {
			isa = XCConfigurationList;
			buildConfigurations = (
				55AA468B2516739B00AAF708 /* Debug */,
				55AA468C2516739B00AAF708 /* Release */,
			);
			defaultConfigurationIsVisible = 0;
			defaultConfigurationName = Release;
		};
/* End XCConfigurationList section */

/* Begin XCVersionGroup section */
		55AA46632516739A00AAF708 /* Forum.xcdatamodeld */ = {
			isa = XCVersionGroup;
			children = (
				55AA46642516739A00AAF708 /* Forum.xcdatamodel */,
			);
			currentVersion = 55AA46642516739A00AAF708 /* Forum.xcdatamodel */;
			path = Forum.xcdatamodeld;
			sourceTree = "<group>";
			versionGroupType = wrapper.xcdatamodel;
		};
/* End XCVersionGroup section */
	};
	rootObject = 55AA464F2516739A00AAF708 /* Project object */;
}
